{
  "version": 4,
  "terraform_version": "1.7.4",
  "serial": 3,
  "lineage": "27696a74-df49-0e1f-6b81-e5ea4824e7ef",
  "outputs": {},
  "resources": [
    {
      "mode": "managed",
      "type": "azurerm_virtual_network",
      "name": "vnet",
      "provider": "provider[\"registry.terraform.io/hashicorp/azurerm\"]",
      "instances": [
        {
          "index_key": "vnet2",
          "schema_version": 0,
          "attributes": {
            "address_space": [
              "10.1.0.0/16"
            ],
            "bgp_community": "",
            "ddos_protection_plan": [],
            "dns_servers": [],
            "edge_zone": "",
            "encryption": [],
            "flow_timeout_in_minutes": 0,
            "guid": "b38aaeab-a6a1-4a68-a201-976d3207a608",
            "id": "/subscriptions/306c88ff-e60a-4228-8a2e-cd36bcb9f0ed/resourceGroups/dynamic-rg/providers/Microsoft.Network/virtualNetworks/network2",
            "location": "westeurope",
            "name": "network2",
            "resource_group_name": "dynamic-rg",
            "subnet": [
              {
                "address_prefix": "10.1.1.0/24",
                "id": "/subscriptions/306c88ff-e60a-4228-8a2e-cd36bcb9f0ed/resourceGroups/dynamic-rg/providers/Microsoft.Network/virtualNetworks/network2/subnets/subnetA",
                "name": "subnetA",
                "security_group": ""
              },
              {
                "address_prefix": "10.1.2.0/24",
                "id": "/subscriptions/306c88ff-e60a-4228-8a2e-cd36bcb9f0ed/resourceGroups/dynamic-rg/providers/Microsoft.Network/virtualNetworks/network2/subnets/subnetB",
                "name": "subnetB",
                "security_group": ""
              },
              {
                "address_prefix": "10.1.3.0/24",
                "id": "/subscriptions/306c88ff-e60a-4228-8a2e-cd36bcb9f0ed/resourceGroups/dynamic-rg/providers/Microsoft.Network/virtualNetworks/network2/subnets/subnetC",
                "name": "subnetC",
                "security_group": ""
              }
            ],
            "tags": null,
            "timeouts": null
          },
          "sensitive_attributes": [],
          "private": "eyJlMmJmYjczMC1lY2FhLTExZTYtOGY4OC0zNDM2M2JjN2M0YzAiOnsiY3JlYXRlIjoxODAwMDAwMDAwMDAwLCJkZWxldGUiOjE4MDAwMDAwMDAwMDAsInJlYWQiOjMwMDAwMDAwMDAwMCwidXBkYXRlIjoxODAwMDAwMDAwMDAwfX0="
        }
      ]
    }
  ],
  "check_results": null
}
